
Microsoft Visual Studio Solution File, Format Version 12.00
# Visual Studio 2012
Project("{FAE04EC0-301F-11D3-BF4B-00C04F79EFBC}") = "ExemploHerancaPolimorfismo", "ExemploHerancaPolimorfismo\ExemploHerancaPolimorfismo.csproj", "{AF2EE51A-3F82-49A9-8739-177C8484947A}"
EndProject
Global
	GlobalSection(SolutionConfigurationPlatforms) = preSolution
		Debug|x86 = Debug|x86
		Release|x86 = Release|x86
	EndGlobalSection
	GlobalSection(ProjectConfigurationPlatforms) = postSolution
		{AF2EE51A-3F82-49A9-8739-177C8484947A}.Debug|x86.ActiveCfg = Debug|x86
		{AF2EE51A-3F82-49A9-8739-177C8484947A}.Debug|x86.Build.0 = Debug|x86
		{AF2EE51A-3F82-49A9-8739-177C8484947A}.Release|x86.ActiveCfg = Release|x86
		{AF2EE51A-3F82-49A9-8739-177C8484947A}.Release|x86.Build.0 = Release|x86
	EndGlobalSection
EndGlobal
